{
    "_meta": {
        "hash": {
            "sha256": "e948058d..."
        },
        "pipfile-spec": 6,
        "requires": {
            "python_version": "3.8"
        }
    },
    "default": {
        "psycopg2-binary": {
            "hashes": [
                "sha256:73e8b105..."
            ],
            "version": "==2.9.1"
        },
        "sqlalchemy": {
            "hashes": [
                "sha256:4853a64..."
            ],
            "version": "==1.4.31"
        }
    },
    "develop": {}
}
